
Microsoft Visual Studio Solution File, Format Version 12.00
# Visual Studio Version 17
VisualStudioVersion = 17.5.33530.505
MinimumVisualStudioVersion = 10.0.40219.1
Project("{FAE04EC0-301F-11D3-BF4B-00C04F79EFBC}") = "dropbox07", "dropbox07.csproj", "{844FD27D-F5BA-4EB9-BCD1-D11B259FF561}"
EndProject
Global
	GlobalSection(SolutionConfigurationPlatforms) = preSolution
		Debug|Any CPU = Debug|Any CPU
		Release|Any CPU = Release|Any CPU
	EndGlobalSection
	GlobalSection(ProjectConfigurationPlatforms) = postSolution
		{844FD27D-F5BA-4EB9-BCD1-D11B259FF561}.Debug|Any CPU.ActiveCfg = Debug|Any CPU
		{844FD27D-F5BA-4EB9-BCD1-D11B259FF561}.Debug|Any CPU.Build.0 = Debug|Any CPU
		{844FD27D-F5BA-4EB9-BCD1-D11B259FF561}.Release|Any CPU.ActiveCfg = Release|Any CPU
		{844FD27D-F5BA-4EB9-BCD1-D11B259FF561}.Release|Any CPU.Build.0 = Release|Any CPU
	EndGlobalSection
	GlobalSection(SolutionProperties) = preSolution
		HideSolutionNode = FALSE
	EndGlobalSection
	GlobalSection(ExtensibilityGlobals) = postSolution
		SolutionGuid = {D29F3677-4E49-477A-A53C-DD16AD4E3121}
	EndGlobalSection
EndGlobal
