
Microsoft Visual Studio Solution File, Format Version 12.00
# Visual Studio Version 17
VisualStudioVersion = 17.5.33530.505
MinimumVisualStudioVersion = 10.0.40219.1
Project("{FAE04EC0-301F-11D3-BF4B-00C04F79EFBC}") = "dropbox10", "dropbox10.csproj", "{8D50F46F-6566-437C-9290-402D853A9DDB}"
EndProject
Global
	GlobalSection(SolutionConfigurationPlatforms) = preSolution
		Debug|Any CPU = Debug|Any CPU
		Release|Any CPU = Release|Any CPU
	EndGlobalSection
	GlobalSection(ProjectConfigurationPlatforms) = postSolution
		{8D50F46F-6566-437C-9290-402D853A9DDB}.Debug|Any CPU.ActiveCfg = Debug|Any CPU
		{8D50F46F-6566-437C-9290-402D853A9DDB}.Debug|Any CPU.Build.0 = Debug|Any CPU
		{8D50F46F-6566-437C-9290-402D853A9DDB}.Release|Any CPU.ActiveCfg = Release|Any CPU
		{8D50F46F-6566-437C-9290-402D853A9DDB}.Release|Any CPU.Build.0 = Release|Any CPU
	EndGlobalSection
	GlobalSection(SolutionProperties) = preSolution
		HideSolutionNode = FALSE
	EndGlobalSection
	GlobalSection(ExtensibilityGlobals) = postSolution
		SolutionGuid = {81E366C2-7A15-468C-8C21-740A400F6E2B}
	EndGlobalSection
EndGlobal
