
Microsoft Visual Studio Solution File, Format Version 12.00
# Visual Studio Version 17
VisualStudioVersion = 17.5.33530.505
MinimumVisualStudioVersion = 10.0.40219.1
Project("{FAE04EC0-301F-11D3-BF4B-00C04F79EFBC}") = "dropbox12", "dropbox12.csproj", "{D5897CBC-5B65-413D-B974-A0BB48C471AD}"
EndProject
Global
	GlobalSection(SolutionConfigurationPlatforms) = preSolution
		Debug|Any CPU = Debug|Any CPU
		Release|Any CPU = Release|Any CPU
	EndGlobalSection
	GlobalSection(ProjectConfigurationPlatforms) = postSolution
		{D5897CBC-5B65-413D-B974-A0BB48C471AD}.Debug|Any CPU.ActiveCfg = Debug|Any CPU
		{D5897CBC-5B65-413D-B974-A0BB48C471AD}.Debug|Any CPU.Build.0 = Debug|Any CPU
		{D5897CBC-5B65-413D-B974-A0BB48C471AD}.Release|Any CPU.ActiveCfg = Release|Any CPU
		{D5897CBC-5B65-413D-B974-A0BB48C471AD}.Release|Any CPU.Build.0 = Release|Any CPU
	EndGlobalSection
	GlobalSection(SolutionProperties) = preSolution
		HideSolutionNode = FALSE
	EndGlobalSection
	GlobalSection(ExtensibilityGlobals) = postSolution
		SolutionGuid = {C158D528-3C57-46FB-8F71-1C70B1310073}
	EndGlobalSection
EndGlobal
